<?xml version="1.0" encoding="UTF-8" standalone="yes" ?>
<CodeBlocks_project_file>
	<FileVersion major="1" minor="6" />
	<Project>
		<Option title="CompileEGMf" />
		<Option pch_mode="2" />
		<Option compiler="gcc" />
		<Build>
			<Target title="Debug">
				<Option output="bin\Debug\CompileEGMf" prefix_auto="1" extension_auto="1" />
				<Option object_output="obj\Debug\" />
				<Option type="1" />
				<Option compiler="gcc" />
				<Compiler>
					<Add option="-g" />
				</Compiler>
			</Target>
			<Target title="Release">
				<Option output="bin\Release\CompileEGMf" prefix_auto="1" extension_auto="1" />
				<Option object_output="obj\Release\" />
				<Option type="1" />
				<Option compiler="gcc" />
				<Compiler>
					<Add option="-Os" />
				</Compiler>
				<Linker>
					<Add option="-s" />
				</Linker>
			</Target>
		</Build>
		<Compiler>
			<Add option="-Wall" />
		</Compiler>
		<Unit filename="..\OS_Switchboard.h" />
		<Unit filename="..\compile.cpp" />
		<Unit filename="..\compile.h" />
		<Unit filename="..\filter_args.cpp" />
		<Unit filename="..\filter_args.h" />
		<Unit filename="..\load_gnames.cpp" />
		<Unit filename="..\load_gnames.h" />
		<Unit filename="..\main.cpp" />
		<Unit filename="..\parser.cpp" />
		<Unit filename="..\parser.h" />
		<Unit filename="..\parser_components.cpp" />
		<Unit filename="..\parser_components.h" />
		<Unit filename="..\string.cpp" />
		<Unit filename="..\string.h" />
		<Unit filename="..\syncheck.h" />
		<Unit filename="..\syntax.cpp" />
		<Unit filename="..\syntax\assignments.h" />
		<Unit filename="..\syntax\beginandend.h" />
		<Unit filename="..\syntax\bracecheck.h" />
		<Unit filename="..\syntax\castchecker.h" />
		<Unit filename="..\syntax\chkfunction.h" />
		<Unit filename="..\syntax\langmarkrs.h" />
		<Unit filename="..\syntax\letterdigit.h" />
		<Unit filename="..\syntax\loadfnames.h" />
		<Unit filename="..\syntax\operatorcheck.h" />
		<Unit filename="..\syntax\opkeywords.h" />
		<Unit filename="..\syntax\parenthcheck.h" />
		<Unit filename="..\syntax\parentheses.h" />
		<Unit filename="..\syntax\quotecheck.h" />
		<Unit filename="..\syntax\statements.h" />
		<Unit filename="..\syntax\syntax_rules.h" />
		<Unit filename="..\syntax\typenamech.h" />
		<Unit filename="..\textfile.cpp" />
		<Unit filename="..\textfile.h" />
		<Unit filename="..\var.h" />
		<Unit filename="..\varloading.h" />
		<Extensions>
			<code_completion />
			<debugger />
		</Extensions>
	</Project>
</CodeBlocks_project_file>
