<?xml version="1.0" encoding="UTF-8" standalone="yes" ?>
<CodeBlocks_project_file>
	<FileVersion major="1" minor="6" />
	<Project>
		<Option title="Game" />
		<Option pch_mode="2" />
		<Option compiler="gcc" />
		<Option virtualFolders="Graphics_Systems/OpenGL1/;" />
		<Build>
			<Target title="win-debug">
				<Option output="ENIGMAengine" prefix_auto="1" extension_auto="1" />
				<Option type="1" />
				<Option compiler="gcc" />
				<Option use_console_runner="0" />
				<Compiler>
					<Add option="-g" />
					<Add option="-I ../Additional/Windows/include" />
				</Compiler>
				<Linker>
					<Add library="opengl32" />
					<Add library="gdi32" />
					<Add library="comdlg32" />
					<Add library="../Additional/Windows/lib/libz.a" />
					<Add library="../Additional/Windows/lib/OpenAL32.lib" />
					<Add library="../Additional/Windows/lib/libalure32.a" />
					<Add library="../Additional/Windows/lib/libffi.a" />
					<Add library="glu32" />
					<Add library="comctl32" />
					<Add library="winmm" />
					<Add directory="/home/git/enigma/ENIGMAsystem/additional/" />
				</Linker>
			</Target>
			<Target title="win-build">
				<Option output="ENIGMAengine" prefix_auto="1" extension_auto="1" />
				<Option type="0" />
				<Option compiler="gcc" />
				<Compiler>
					<Add option="-O3" />
					<Add option="-I ../Additional/Windows/include" />
				</Compiler>
				<Linker>
					<Add option="-s" />
					<Add library="opengl32" />
					<Add library="additional/zlib/libzlib.a" />
					<Add library="gdi32" />
					<Add library="comdlg32" />
					<Add library="additional/al/lib/Win32/OpenAL32.lib" />
					<Add library="Platforms/Win32/ffi/libFFI.a" />
					<Add library="glu32" />
					<Add library="comctl32" />
				</Linker>
			</Target>
			<Target title="lin-debug">
				<Option output="ENIGMAengine" prefix_auto="1" extension_auto="1" />
				<Option type="1" />
				<Option compiler="gcc" />
				<Option use_console_runner="0" />
				<Compiler>
					<Add option="-g" />
					<Add option="-DDEBUG_MODE" />
				</Compiler>
				<Linker>
					<Add library="z" />
					<Add library="pthread" />
					<Add library="X11" />
					<Add library="GL" />
					<Add library="GLU" />
					<Add library="openal" />
					<Add library="alure" />
					<Add library="vorbisfile" />
					<Add library="vorbis" />
					<Add library="dumb" />
				</Linker>
			</Target>
			<Target title="lin-profile">
				<Option output="ENIGMAengine" prefix_auto="1" extension_auto="1" />
				<Option type="0" />
				<Option compiler="gcc" />
				<Compiler>
					<Add option="-pg" />
				</Compiler>
				<Linker>
					<Add option="-pg" />
					<Add library="GL" />
					<Add library="z" />
					<Add library="GLU" />
				</Linker>
			</Target>
			<Target title="lin-build">
				<Option output="ENIGMAengine" prefix_auto="1" extension_auto="1" />
				<Option type="0" />
				<Option compiler="gcc" />
				<Compiler>
					<Add option="-O3" />
				</Compiler>
				<Linker>
					<Add option="-s" />
					<Add library="GL" />
					<Add library="z" />
					<Add library="GLU" />
				</Linker>
			</Target>
			<Target title="mac-debug">
				<Option output="ENIGMAengine" prefix_auto="1" extension_auto="1" />
				<Option type="0" />
				<Option compiler="gcc" />
				<Compiler>
					<Add option="-g" />
				</Compiler>
			</Target>
			<Target title="mac-build">
				<Option output="ENIGMAengine" prefix_auto="1" extension_auto="1" />
				<Option type="0" />
				<Option compiler="gcc" />
				<Compiler>
					<Add option="-O3" />
				</Compiler>
				<Linker>
					<Add option="-s" />
				</Linker>
			</Target>
			<Target title="iphone-debug">
				<Option output="ENIGMAengine" prefix_auto="1" extension_auto="1" />
				<Option type="0" />
				<Option compiler="gcc" />
				<Compiler>
					<Add option="-g" />
				</Compiler>
			</Target>
			<Target title="iphone-build">
				<Option output="ENIGMAengine" prefix_auto="1" extension_auto="1" />
				<Option type="0" />
				<Option compiler="gcc" />
				<Compiler>
					<Add option="-O3" />
				</Compiler>
				<Linker>
					<Add option="-s" />
				</Linker>
			</Target>
			<Target title="wii-build">
				<Option output="ENIGMAengine" prefix_auto="1" extension_auto="1" />
				<Option type="0" />
				<Option compiler="gcc" />
			</Target>
		</Build>
		<Compiler>
			<Add option="-Wshadow" />
			<Add option="-Winit-self" />
			<Add option="-Wredundant-decls" />
			<Add option="-Wcast-align" />
			<Add option="-Wundef" />
			<Add option="-Wfloat-equal" />
			<Add option="-Winline" />
			<Add option="-Wunreachable-code" />
			<Add option="-Wmissing-declarations" />
			<Add option="-Wmissing-include-dirs" />
			<Add option="-Wswitch-enum" />
			<Add option="-Wswitch-default" />
			<Add option="-Wmain" />
			<Add option="-pedantic" />
			<Add option="-std=c++11" />
			<Add option="-Wall" />
			<Add option="-I." />
			<Add option="-Wno-narrowing" />
			<Add option="-Wno-variadic-macros" />
			<Add option="-Wno-vla" />
			<Add option="-I$(home)/.enigma" />
			<Add option="-DCODEBLOX" />
			<Add directory="./" />
		</Compiler>
		<Unit filename="API_Switchboard.h" />
		<Unit filename="Audio_Systems/None/Info/audio_info.h">
			<Option target="win-debug" />
			<Option target="win-build" />
		</Unit>
		<Unit filename="Audio_Systems/None/fillin.cpp">
			<Option target="win-debug" />
			<Option target="win-build" />
		</Unit>
		<Unit filename="Audio_Systems/None/include.h">
			<Option target="win-debug" />
			<Option target="win-build" />
		</Unit>
		<Unit filename="Audio_Systems/OpenAL/ALadvanced.cpp" />
		<Unit filename="Audio_Systems/OpenAL/ALbasic.cpp" />
		<Unit filename="Audio_Systems/OpenAL/ALsystem.cpp" />
		<Unit filename="Audio_Systems/OpenAL/ALsystem.h" />
		<Unit filename="Audio_Systems/OpenAL/Info/audio_info.h" />
		<Unit filename="Audio_Systems/OpenAL/SoundChannel.h" />
		<Unit filename="Audio_Systems/OpenAL/SoundEmitter.h" />
		<Unit filename="Audio_Systems/OpenAL/SoundResource.h" />
		<Unit filename="Audio_Systems/OpenAL/as_advanced.h">
			<Option target="win-debug" />
			<Option target="win-build" />
			<Option target="lin-debug" />
			<Option target="lin-profile" />
			<Option target="lin-build" />
			<Option target="mac-debug" />
			<Option target="mac-build" />
		</Unit>
		<Unit filename="Audio_Systems/OpenAL/as_basic.h" />
		<Unit filename="Audio_Systems/OpenAL/include.h" />
		<Unit filename="Audio_Systems/OpenAL/wrap_oal.h" />
		<Unit filename="Audio_Systems/audio_mandatory.h" />
		<Unit filename="Bridges/xlib-OpenGL1/glxew.h">
			<Option target="lin-debug" />
			<Option target="lin-profile" />
			<Option target="lin-build" />
		</Unit>
		<Unit filename="Bridges/xlib-OpenGL1/graphics_bridge.cpp">
			<Option target="lin-debug" />
			<Option target="lin-profile" />
			<Option target="lin-build" />
		</Unit>
		<Unit filename="Collision_Systems/BBox/BBOXfuncs.cpp" />
		<Unit filename="Collision_Systems/BBox/BBOXimpl.cpp" />
		<Unit filename="Collision_Systems/BBox/BBOXimpl.h" />
		<Unit filename="Collision_Systems/BBox/BBOXutil.cpp" />
		<Unit filename="Collision_Systems/BBox/BBOXutil.h" />
		<Unit filename="Collision_Systems/BBox/Info/collision_info.h" />
		<Unit filename="Collision_Systems/BBox/coll_funcs.h" />
		<Unit filename="Collision_Systems/BBox/coll_impl.h" />
		<Unit filename="Collision_Systems/BBox/coll_util.h" />
		<Unit filename="Collision_Systems/BBox/include.h" />
		<Unit filename="Collision_Systems/BBox/placeholderlinks.cpp" />
		<Unit filename="Collision_Systems/collision_mandatory.h" />
		<Unit filename="Graphics_Systems/General/GLSurfaceStruct.h">
			<Option target="win-debug" />
			<Option target="win-build" />
			<Option target="lin-debug" />
			<Option target="lin-profile" />
			<Option target="lin-build" />
			<Option target="mac-debug" />
			<Option target="mac-build" />
		</Unit>
		<Unit filename="Graphics_Systems/General/GLsprite.h">
			<Option target="win-debug" />
			<Option target="win-build" />
			<Option target="lin-debug" />
			<Option target="lin-profile" />
			<Option target="lin-build" />
			<Option target="mac-debug" />
			<Option target="mac-build" />
		</Unit>
		<Unit filename="Graphics_Systems/General/GLtilestruct.h">
			<Option target="win-debug" />
			<Option target="win-build" />
			<Option target="lin-debug" />
			<Option target="lin-profile" />
			<Option target="lin-build" />
			<Option target="mac-debug" />
			<Option target="mac-build" />
		</Unit>
		<Unit filename="Graphics_Systems/General/GSbackground.cpp">
			<Option target="win-debug" />
			<Option target="win-build" />
			<Option target="lin-debug" />
			<Option target="lin-profile" />
			<Option target="lin-build" />
			<Option target="mac-debug" />
			<Option target="mac-build" />
		</Unit>
		<Unit filename="Graphics_Systems/General/GSbackground.h">
			<Option target="win-debug" />
			<Option target="win-build" />
			<Option target="lin-debug" />
			<Option target="lin-profile" />
			<Option target="lin-build" />
			<Option target="mac-debug" />
			<Option target="mac-build" />
		</Unit>
		<Unit filename="Graphics_Systems/General/GSblend.h">
			<Option target="win-debug" />
			<Option target="win-build" />
			<Option target="lin-debug" />
			<Option target="lin-profile" />
			<Option target="lin-build" />
			<Option target="mac-debug" />
			<Option target="mac-build" />
		</Unit>
		<Unit filename="Graphics_Systems/General/GScolors.h">
			<Option target="win-debug" />
			<Option target="win-build" />
			<Option target="lin-debug" />
			<Option target="lin-profile" />
			<Option target="lin-build" />
			<Option target="mac-debug" />
			<Option target="mac-build" />
		</Unit>
		<Unit filename="Graphics_Systems/General/GScurves.cpp">
			<Option target="win-debug" />
			<Option target="win-build" />
			<Option target="lin-debug" />
			<Option target="lin-profile" />
			<Option target="lin-build" />
			<Option target="mac-debug" />
			<Option target="mac-build" />
		</Unit>
		<Unit filename="Graphics_Systems/General/GScurves.h">
			<Option target="win-debug" />
			<Option target="win-build" />
			<Option target="lin-debug" />
			<Option target="lin-profile" />
			<Option target="lin-build" />
			<Option target="mac-debug" />
			<Option target="mac-build" />
		</Unit>
		<Unit filename="Graphics_Systems/General/GSd3d.h">
			<Option target="win-debug" />
			<Option target="win-build" />
			<Option target="lin-debug" />
			<Option target="lin-profile" />
			<Option target="lin-build" />
			<Option target="mac-debug" />
			<Option target="mac-build" />
		</Unit>
		<Unit filename="Graphics_Systems/General/GSenable.h">
			<Option target="win-debug" />
			<Option target="win-build" />
			<Option target="lin-debug" />
			<Option target="lin-profile" />
			<Option target="lin-build" />
			<Option target="mac-debug" />
			<Option target="mac-build" />
		</Unit>
		<Unit filename="Graphics_Systems/General/GSfont.cpp">
			<Option target="win-debug" />
			<Option target="win-build" />
			<Option target="lin-debug" />
			<Option target="lin-profile" />
			<Option target="lin-build" />
			<Option target="mac-debug" />
			<Option target="mac-build" />
		</Unit>
		<Unit filename="Graphics_Systems/General/GSfont.h">
			<Option target="win-debug" />
			<Option target="win-build" />
			<Option target="lin-debug" />
			<Option target="lin-profile" />
			<Option target="lin-build" />
			<Option target="mac-debug" />
			<Option target="mac-build" />
		</Unit>
		<Unit filename="Graphics_Systems/General/GSmath.cpp">
			<Option target="win-debug" />
			<Option target="win-build" />
			<Option target="lin-debug" />
			<Option target="lin-profile" />
			<Option target="lin-build" />
			<Option target="mac-debug" />
			<Option target="mac-build" />
		</Unit>
		<Unit filename="Graphics_Systems/General/GSmath.h">
			<Option target="win-debug" />
			<Option target="win-build" />
			<Option target="lin-debug" />
			<Option target="lin-profile" />
			<Option target="lin-build" />
			<Option target="mac-debug" />
			<Option target="mac-build" />
		</Unit>
		<Unit filename="Graphics_Systems/General/GSmatrix.h">
			<Option target="win-debug" />
			<Option target="win-build" />
			<Option target="lin-debug" />
			<Option target="lin-profile" />
			<Option target="lin-build" />
			<Option target="mac-debug" />
			<Option target="mac-build" />
		</Unit>
		<Unit filename="Graphics_Systems/General/GSmodel.h">
			<Option target="win-debug" />
			<Option target="win-build" />
			<Option target="lin-debug" />
			<Option target="lin-profile" />
			<Option target="lin-build" />
			<Option target="mac-debug" />
			<Option target="mac-build" />
		</Unit>
		<Unit filename="Graphics_Systems/General/GSprimitives.h">
			<Option target="win-debug" />
			<Option target="win-build" />
			<Option target="lin-debug" />
			<Option target="lin-profile" />
			<Option target="lin-build" />
			<Option target="mac-debug" />
			<Option target="mac-build" />
		</Unit>
		<Unit filename="Graphics_Systems/General/GSscreen.h">
			<Option target="win-debug" />
			<Option target="win-build" />
			<Option target="lin-debug" />
			<Option target="lin-profile" />
			<Option target="lin-build" />
			<Option target="mac-debug" />
			<Option target="mac-build" />
		</Unit>
		<Unit filename="Graphics_Systems/General/GSsprite.cpp">
			<Option target="win-debug" />
			<Option target="win-build" />
			<Option target="lin-debug" />
			<Option target="lin-profile" />
			<Option target="lin-build" />
			<Option target="mac-debug" />
			<Option target="mac-build" />
		</Unit>
		<Unit filename="Graphics_Systems/General/GSsprite.h">
			<Option target="win-debug" />
			<Option target="win-build" />
			<Option target="lin-debug" />
			<Option target="lin-profile" />
			<Option target="lin-build" />
			<Option target="mac-debug" />
			<Option target="mac-build" />
		</Unit>
		<Unit filename="Graphics_Systems/General/GSstdraw.cpp">
			<Option target="win-debug" />
			<Option target="win-build" />
			<Option target="lin-debug" />
			<Option target="lin-profile" />
			<Option target="lin-build" />
			<Option target="mac-debug" />
			<Option target="mac-build" />
		</Unit>
		<Unit filename="Graphics_Systems/General/GSstdraw.h">
			<Option target="win-debug" />
			<Option target="win-build" />
			<Option target="lin-debug" />
			<Option target="lin-profile" />
			<Option target="lin-build" />
			<Option target="mac-debug" />
			<Option target="mac-build" />
		</Unit>
		<Unit filename="Graphics_Systems/General/GSsurface.cpp">
			<Option target="win-debug" />
			<Option target="win-build" />
			<Option target="lin-debug" />
			<Option target="lin-profile" />
			<Option target="lin-build" />
			<Option target="mac-debug" />
			<Option target="mac-build" />
		</Unit>
		<Unit filename="Graphics_Systems/General/GSsurface.h">
			<Option target="win-debug" />
			<Option target="win-build" />
			<Option target="lin-debug" />
			<Option target="lin-profile" />
			<Option target="lin-build" />
			<Option target="mac-debug" />
			<Option target="mac-build" />
		</Unit>
		<Unit filename="Graphics_Systems/General/GStextures.h">
			<Option target="win-debug" />
			<Option target="win-build" />
			<Option target="lin-debug" />
			<Option target="lin-profile" />
			<Option target="lin-build" />
			<Option target="mac-debug" />
			<Option target="mac-build" />
		</Unit>
		<Unit filename="Graphics_Systems/General/GStiles.h">
			<Option target="win-debug" />
			<Option target="win-build" />
			<Option target="lin-debug" />
			<Option target="lin-profile" />
			<Option target="lin-build" />
			<Option target="mac-debug" />
			<Option target="mac-build" />
		</Unit>
		<Unit filename="Graphics_Systems/General/GSvertex.h">
			<Option target="win-debug" />
			<Option target="win-build" />
			<Option target="lin-debug" />
			<Option target="lin-profile" />
			<Option target="lin-build" />
			<Option target="mac-debug" />
			<Option target="mac-build" />
		</Unit>
		<Unit filename="Graphics_Systems/General/OpenGLHeaders.h">
			<Option target="win-debug" />
			<Option target="win-build" />
			<Option target="lin-debug" />
			<Option target="lin-profile" />
			<Option target="lin-build" />
			<Option target="mac-debug" />
			<Option target="mac-build" />
		</Unit>
		<Unit filename="Graphics_Systems/General/actions.h">
			<Option target="win-debug" />
			<Option target="win-build" />
			<Option target="lin-debug" />
			<Option target="lin-profile" />
			<Option target="lin-build" />
			<Option target="mac-debug" />
			<Option target="mac-build" />
		</Unit>
		<Unit filename="Graphics_Systems/General/glew.c">
			<Option compilerVar="CC" />
			<Option target="win-debug" />
			<Option target="win-build" />
			<Option target="lin-debug" />
			<Option target="lin-profile" />
			<Option target="lin-build" />
			<Option target="mac-debug" />
			<Option target="mac-build" />
		</Unit>
		<Unit filename="Graphics_Systems/General/glew.h">
			<Option target="win-debug" />
			<Option target="win-build" />
			<Option target="lin-debug" />
			<Option target="lin-profile" />
			<Option target="lin-build" />
			<Option target="mac-debug" />
			<Option target="mac-build" />
		</Unit>
		<Unit filename="Graphics_Systems/OpenGL1/EGMenable.h" />
		<Unit filename="Graphics_Systems/OpenGL1/GLModelStruct.h">
			<Option target="win-debug" />
			<Option target="win-build" />
			<Option target="lin-debug" />
			<Option target="lin-profile" />
			<Option target="lin-build" />
			<Option target="mac-debug" />
			<Option target="mac-build" />
		</Unit>
		<Unit filename="Graphics_Systems/OpenGL1/GLSLshader.h">
			<Option target="win-debug" />
			<Option target="win-build" />
			<Option target="lin-debug" />
			<Option target="lin-profile" />
			<Option target="lin-build" />
			<Option target="mac-debug" />
			<Option target="mac-build" />
		</Unit>
		<Unit filename="Graphics_Systems/OpenGL1/GLSamplerState.h">
			<Option target="win-debug" />
			<Option target="win-build" />
			<Option target="lin-debug" />
			<Option target="lin-profile" />
			<Option target="lin-build" />
			<Option target="mac-debug" />
			<Option target="mac-build" />
		</Unit>
		<Unit filename="Graphics_Systems/OpenGL1/GLTextureStruct.cpp">
			<Option target="win-debug" />
			<Option target="win-build" />
			<Option target="lin-debug" />
			<Option target="lin-profile" />
			<Option target="lin-build" />
			<Option target="mac-debug" />
			<Option target="mac-build" />
		</Unit>
		<Unit filename="Graphics_Systems/OpenGL1/GLTextureStruct.h">
			<Option target="win-debug" />
			<Option target="win-build" />
			<Option target="lin-debug" />
			<Option target="lin-profile" />
			<Option target="lin-build" />
			<Option target="mac-debug" />
			<Option target="mac-build" />
		</Unit>
		<Unit filename="Graphics_Systems/OpenGL1/GLbackground.cpp" />
		<Unit filename="Graphics_Systems/OpenGL1/GLblend.cpp" />
		<Unit filename="Graphics_Systems/OpenGL1/GLcolors.cpp" />
		<Unit filename="Graphics_Systems/OpenGL1/GLd3d.cpp" />
		<Unit filename="Graphics_Systems/OpenGL1/GLd3d.h" />
		<Unit filename="Graphics_Systems/OpenGL1/GLenable.cpp" />
		<Unit filename="Graphics_Systems/OpenGL1/GLenable.h" />
		<Unit filename="Graphics_Systems/OpenGL1/GLmatrix.cpp">
			<Option target="win-debug" />
			<Option target="win-build" />
			<Option target="lin-debug" />
			<Option target="lin-profile" />
			<Option target="lin-build" />
			<Option target="mac-debug" />
			<Option target="mac-build" />
		</Unit>
		<Unit filename="Graphics_Systems/OpenGL1/GLmesh.h" />
		<Unit filename="Graphics_Systems/OpenGL1/GLmiscextra.h" />
		<Unit filename="Graphics_Systems/OpenGL1/GLmodel.cpp">
			<Option target="win-debug" />
			<Option target="win-build" />
			<Option target="lin-debug" />
			<Option target="lin-profile" />
			<Option target="lin-build" />
			<Option target="mac-debug" />
			<Option target="mac-build" />
		</Unit>
		<Unit filename="Graphics_Systems/OpenGL1/GLmodel.h">
			<Option target="win-debug" />
			<Option target="win-build" />
			<Option target="lin-debug" />
			<Option target="lin-profile" />
			<Option target="lin-build" />
			<Option target="mac-debug" />
			<Option target="mac-build" />
		</Unit>
		<Unit filename="Graphics_Systems/OpenGL1/GLprimitives.cpp" />
		<Unit filename="Graphics_Systems/OpenGL1/GLprimitives.h" />
		<Unit filename="Graphics_Systems/OpenGL1/GLprofiler.cpp" />
		<Unit filename="Graphics_Systems/OpenGL1/GLprofiler.h" />
		<Unit filename="Graphics_Systems/OpenGL1/GLscreen.cpp" />
		<Unit filename="Graphics_Systems/OpenGL1/GLscreen.h" />
		<Unit filename="Graphics_Systems/OpenGL1/GLshader.cpp">
			<Option target="win-debug" />
			<Option target="win-build" />
			<Option target="lin-debug" />
			<Option target="lin-profile" />
			<Option target="lin-build" />
			<Option target="mac-debug" />
			<Option target="mac-build" />
		</Unit>
		<Unit filename="Graphics_Systems/OpenGL1/GLshader.h">
			<Option target="win-debug" />
			<Option target="win-build" />
			<Option target="lin-debug" />
			<Option target="lin-profile" />
			<Option target="lin-build" />
			<Option target="mac-debug" />
			<Option target="mac-build" />
		</Unit>
		<Unit filename="Graphics_Systems/OpenGL1/GLshapes.cpp" />
		<Unit filename="Graphics_Systems/OpenGL1/GLshapes.h" />
		<Unit filename="Graphics_Systems/OpenGL1/GLsprite.cpp" />
		<Unit filename="Graphics_Systems/OpenGL1/GLstdraw.cpp" />
		<Unit filename="Graphics_Systems/OpenGL1/GLstdraw.h" />
		<Unit filename="Graphics_Systems/OpenGL1/GLsurface.cpp" />
		<Unit filename="Graphics_Systems/OpenGL1/GLtextures.cpp" />
		<Unit filename="Graphics_Systems/OpenGL1/GLtiles.cpp" />
		<Unit filename="Graphics_Systems/OpenGL1/GLvertex.cpp">
			<Option target="win-debug" />
			<Option target="win-build" />
			<Option target="lin-debug" />
			<Option target="lin-profile" />
			<Option target="lin-build" />
			<Option target="mac-debug" />
			<Option target="mac-build" />
		</Unit>
		<Unit filename="Graphics_Systems/OpenGL1/Info/graphics_info.h" />
		<Unit filename="Graphics_Systems/OpenGL1/OPENGLStd.cpp" />
		<Unit filename="Graphics_Systems/OpenGL1/OPENGLStd.h" />
		<Unit filename="Graphics_Systems/OpenGL1/include.h" />
		<Unit filename="Graphics_Systems/OpenGLES/EGMenable.h">
			<Option target="iphone-debug" />
			<Option target="iphone-build" />
		</Unit>
		<Unit filename="Graphics_Systems/OpenGLES/GSblend.h">
			<Option target="iphone-debug" />
			<Option target="iphone-build" />
		</Unit>
		<Unit filename="Graphics_Systems/OpenGLES/GScolors.h">
			<Option target="iphone-debug" />
			<Option target="iphone-build" />
		</Unit>
		<Unit filename="Graphics_Systems/OpenGLES/GSenable.h">
			<Option target="iphone-debug" />
			<Option target="iphone-build" />
		</Unit>
		<Unit filename="Graphics_Systems/OpenGLES/GSmiscextra.h">
			<Option target="iphone-debug" />
			<Option target="iphone-build" />
		</Unit>
		<Unit filename="Graphics_Systems/OpenGLES/GSprmtvs.h">
			<Option target="iphone-debug" />
			<Option target="iphone-build" />
		</Unit>
		<Unit filename="Graphics_Systems/OpenGLES/GSscreen.h">
			<Option target="iphone-debug" />
			<Option target="iphone-build" />
		</Unit>
		<Unit filename="Graphics_Systems/OpenGLES/GSsprite.h">
			<Option target="iphone-debug" />
			<Option target="iphone-build" />
		</Unit>
		<Unit filename="Graphics_Systems/OpenGLES/GSspriteadd.h">
			<Option target="iphone-debug" />
			<Option target="iphone-build" />
		</Unit>
		<Unit filename="Graphics_Systems/OpenGLES/GSstdraw.h">
			<Option target="iphone-debug" />
			<Option target="iphone-build" />
		</Unit>
		<Unit filename="Graphics_Systems/OpenGLES/GSsurface.h">
			<Option target="iphone-debug" />
			<Option target="iphone-build" />
		</Unit>
		<Unit filename="Graphics_Systems/OpenGLES/GStextures.h">
			<Option target="iphone-debug" />
			<Option target="iphone-build" />
		</Unit>
		<Unit filename="Graphics_Systems/OpenGLES/OPENGLStd.h">
			<Option target="iphone-debug" />
			<Option target="iphone-build" />
		</Unit>
		<Unit filename="Graphics_Systems/OpenGLES/graphics_object.h">
			<Option target="iphone-debug" />
			<Option target="iphone-build" />
		</Unit>
		<Unit filename="Graphics_Systems/graphics_mandatory.h" />
		<Unit filename="Modes/buildmode.h" />
		<Unit filename="Platforms/Win32/WINDOWSStd.h">
			<Option target="win-debug" />
			<Option target="win-build" />
		</Unit>
		<Unit filename="Platforms/Win32/WINDOWScallback.cpp">
			<Option target="win-debug" />
			<Option target="win-build" />
		</Unit>
		<Unit filename="Platforms/Win32/WINDOWScallback.h">
			<Option target="win-debug" />
			<Option target="win-build" />
		</Unit>
		<Unit filename="Platforms/Win32/WINDOWSmain.cpp">
			<Option target="win-debug" />
			<Option target="win-build" />
		</Unit>
		<Unit filename="Platforms/Win32/WINDOWSmain.h">
			<Option target="win-debug" />
			<Option target="win-build" />
		</Unit>
		<Unit filename="Platforms/Win32/WINDOWSstd.cpp">
			<Option target="win-debug" />
			<Option target="win-build" />
		</Unit>
		<Unit filename="Platforms/Win32/WINDOWSwindow.cpp">
			<Option target="win-debug" />
			<Option target="win-build" />
		</Unit>
		<Unit filename="Platforms/Win32/WINDOWSwindow.h">
			<Option target="win-debug" />
			<Option target="win-build" />
		</Unit>
		<Unit filename="Platforms/Win32/externals.cpp">
			<Option target="win-debug" />
			<Option target="win-build" />
		</Unit>
		<Unit filename="Platforms/Win32/externals.h">
			<Option target="win-debug" />
			<Option target="win-build" />
		</Unit>
		<Unit filename="Platforms/Win32/ffi/ffi.h">
			<Option target="win-debug" />
			<Option target="win-build" />
		</Unit>
		<Unit filename="Platforms/Win32/ffi/ffitarget.h">
			<Option target="win-debug" />
			<Option target="win-build" />
		</Unit>
		<Unit filename="Platforms/Win32/file_manip.cpp">
			<Option target="win-debug" />
			<Option target="win-build" />
		</Unit>
		<Unit filename="Platforms/Win32/file_manip.h">
			<Option target="win-debug" />
			<Option target="win-build" />
		</Unit>
		<Unit filename="Platforms/platforms_mandatory.h" />
		<Unit filename="Platforms/xlib/Info/platform_info.h">
			<Option target="lin-debug" />
			<Option target="lin-profile" />
			<Option target="lin-build" />
		</Unit>
		<Unit filename="Platforms/xlib/LINUXjoystick.cpp">
			<Option target="lin-debug" />
			<Option target="lin-profile" />
			<Option target="lin-build" />
		</Unit>
		<Unit filename="Platforms/xlib/LINUXjoystick.h">
			<Option target="win-build" />
			<Option target="lin-debug" />
			<Option target="lin-profile" />
			<Option target="lin-build" />
			<Option target="mac-debug" />
			<Option target="mac-build" />
			<Option target="iphone-debug" />
			<Option target="iphone-build" />
			<Option target="wii-build" />
		</Unit>
		<Unit filename="Platforms/xlib/XLIBfilemanip.cpp">
			<Option target="lin-debug" />
			<Option target="lin-profile" />
			<Option target="lin-build" />
		</Unit>
		<Unit filename="Platforms/xlib/XLIBmain.cpp">
			<Option target="win-build" />
			<Option target="lin-debug" />
			<Option target="lin-profile" />
			<Option target="lin-build" />
			<Option target="mac-debug" />
			<Option target="mac-build" />
			<Option target="iphone-debug" />
			<Option target="iphone-build" />
			<Option target="wii-build" />
		</Unit>
		<Unit filename="Platforms/xlib/XLIBmain.h">
			<Option target="win-build" />
			<Option target="lin-debug" />
			<Option target="lin-profile" />
			<Option target="lin-build" />
			<Option target="mac-debug" />
			<Option target="mac-build" />
			<Option target="iphone-debug" />
			<Option target="iphone-build" />
			<Option target="wii-build" />
		</Unit>
		<Unit filename="Platforms/xlib/XLIBsystem.cpp">
			<Option target="lin-debug" />
			<Option target="lin-profile" />
			<Option target="lin-build" />
		</Unit>
		<Unit filename="Platforms/xlib/XLIBthreads.h">
			<Option target="win-build" />
			<Option target="lin-debug" />
			<Option target="lin-profile" />
			<Option target="lin-build" />
			<Option target="mac-debug" />
			<Option target="mac-build" />
			<Option target="iphone-debug" />
			<Option target="iphone-build" />
			<Option target="wii-build" />
		</Unit>
		<Unit filename="Platforms/xlib/XLIBwindow.cpp">
			<Option target="win-build" />
			<Option target="lin-debug" />
			<Option target="lin-profile" />
			<Option target="lin-build" />
			<Option target="mac-debug" />
			<Option target="mac-build" />
			<Option target="iphone-debug" />
			<Option target="iphone-build" />
			<Option target="wii-build" />
		</Unit>
		<Unit filename="Platforms/xlib/XLIBwindow.h">
			<Option virtualFolder="Graphics_Systems/OpenGL1/" />
			<Option target="win-build" />
			<Option target="lin-debug" />
			<Option target="lin-profile" />
			<Option target="lin-build" />
			<Option target="mac-debug" />
			<Option target="mac-build" />
			<Option target="iphone-debug" />
			<Option target="iphone-build" />
			<Option target="wii-build" />
		</Unit>
		<Unit filename="Platforms/xlib/file_manip.h">
			<Option target="win-build" />
			<Option target="lin-debug" />
			<Option target="lin-profile" />
			<Option target="lin-build" />
			<Option target="mac-debug" />
			<Option target="mac-build" />
			<Option target="iphone-debug" />
			<Option target="iphone-build" />
			<Option target="wii-build" />
		</Unit>
		<Unit filename="Platforms/xlib/include.h">
			<Option target="win-build" />
			<Option target="lin-debug" />
			<Option target="lin-profile" />
			<Option target="lin-build" />
			<Option target="mac-debug" />
			<Option target="mac-build" />
			<Option target="iphone-debug" />
			<Option target="iphone-build" />
			<Option target="wii-build" />
		</Unit>
		<Unit filename="SHELLmain.cpp" />
		<Unit filename="Universal_System/CallbackArrays.cpp" />
		<Unit filename="Universal_System/Platforms/General/PFmain.h" />
		<Unit filename="Universal_System/ENIGMA_GLOBALS.cpp" />
		<Unit filename="Universal_System/ENIGMA_GLOBALS.h" />
		<Unit filename="Universal_System/Extensions/Alarms/alarmcode.cpp" />
		<Unit filename="Universal_System/Extensions/Alarms/implement.h" />
		<Unit filename="Universal_System/Extensions/Alarms/include.h" />
		<Unit filename="Universal_System/Extensions/Box2D/B2Dfunctions.h" />
		<Unit filename="Universal_System/Extensions/Box2D/B2Djoints.h" />
		<Unit filename="Universal_System/Extensions/Box2D/include.h" />
		<Unit filename="Universal_System/Extensions/DataStructures/data_structures.cpp" />
		<Unit filename="Universal_System/Extensions/DataStructures/include.h" />
		<Unit filename="Universal_System/Extensions/DateTime/date_time.cpp" />
		<Unit filename="Universal_System/Extensions/DateTime/include.h" />
		<Unit filename="Universal_System/Extensions/GME/include.h" />
		<Unit filename="Universal_System/Extensions/MotionPlanning/actions.h" />
		<Unit filename="Universal_System/Extensions/MotionPlanning/include.h" />
		<Unit filename="Universal_System/Extensions/MotionPlanning/motion_planning.cpp" />
		<Unit filename="Universal_System/Extensions/MotionPlanning/motion_planning.h" />
		<Unit filename="Universal_System/Extensions/MotionPlanning/motion_planning_struct.cpp" />
		<Unit filename="Universal_System/Extensions/MotionPlanning/motion_planning_struct.h" />
		<Unit filename="Universal_System/Extensions/MotionPlanning/mp_movement.cpp" />
		<Unit filename="Universal_System/Extensions/MotionPlanning/mp_movement.h" />
		<Unit filename="Universal_System/Extensions/ParticleSystems/PS_actions.cpp" />
		<Unit filename="Universal_System/Extensions/ParticleSystems/PS_actions.h" />
		<Unit filename="Universal_System/Extensions/ParticleSystems/PS_effects.cpp" />
		<Unit filename="Universal_System/Extensions/ParticleSystems/PS_effects_constants.h" />
		<Unit filename="Universal_System/Extensions/ParticleSystems/PS_effects_enums.h" />
		<Unit filename="Universal_System/Extensions/ParticleSystems/PS_particle.h" />
		<Unit filename="Universal_System/Extensions/ParticleSystems/PS_particle_attractor.cpp" />
		<Unit filename="Universal_System/Extensions/ParticleSystems/PS_particle_attractor.h" />
		<Unit filename="Universal_System/Extensions/ParticleSystems/PS_particle_bridge_Direct3D9.h" />
		<Unit filename="Universal_System/Extensions/ParticleSystems/PS_particle_bridge_OpenGL1.h" />
		<Unit filename="Universal_System/Extensions/ParticleSystems/PS_particle_bridge_OpenGL3.h" />
		<Unit filename="Universal_System/Extensions/ParticleSystems/PS_particle_bridge_fallback.h" />
		<Unit filename="Universal_System/Extensions/ParticleSystems/PS_particle_changer.cpp" />
		<Unit filename="Universal_System/Extensions/ParticleSystems/PS_particle_changer.h" />
		<Unit filename="Universal_System/Extensions/ParticleSystems/PS_particle_constants.h" />
		<Unit filename="Universal_System/Extensions/ParticleSystems/PS_particle_deflector.cpp" />
		<Unit filename="Universal_System/Extensions/ParticleSystems/PS_particle_deflector.h" />
		<Unit filename="Universal_System/Extensions/ParticleSystems/PS_particle_depths.cpp" />
		<Unit filename="Universal_System/Extensions/ParticleSystems/PS_particle_depths.h" />
		<Unit filename="Universal_System/Extensions/ParticleSystems/PS_particle_destroyer.cpp" />
		<Unit filename="Universal_System/Extensions/ParticleSystems/PS_particle_destroyer.h" />
		<Unit filename="Universal_System/Extensions/ParticleSystems/PS_particle_emitter.cpp" />
		<Unit filename="Universal_System/Extensions/ParticleSystems/PS_particle_emitter.h" />
		<Unit filename="Universal_System/Extensions/ParticleSystems/PS_particle_enums.h" />
		<Unit filename="Universal_System/Extensions/ParticleSystems/PS_particle_instance.h" />
		<Unit filename="Universal_System/Extensions/ParticleSystems/PS_particle_particles_apiimpl.cpp" />
		<Unit filename="Universal_System/Extensions/ParticleSystems/PS_particle_sprites.cpp" />
		<Unit filename="Universal_System/Extensions/ParticleSystems/PS_particle_sprites.h" />
		<Unit filename="Universal_System/Extensions/ParticleSystems/PS_particle_system.cpp" />
		<Unit filename="Universal_System/Extensions/ParticleSystems/PS_particle_system.h" />
		<Unit filename="Universal_System/Extensions/ParticleSystems/PS_particle_system_apiimpl.cpp" />
		<Unit filename="Universal_System/Extensions/ParticleSystems/PS_particle_system_manager.cpp" />
		<Unit filename="Universal_System/Extensions/ParticleSystems/PS_particle_system_manager.h" />
		<Unit filename="Universal_System/Extensions/ParticleSystems/PS_particle_type.cpp" />
		<Unit filename="Universal_System/Extensions/ParticleSystems/PS_particle_type.h" />
		<Unit filename="Universal_System/Extensions/ParticleSystems/PS_particle_updatedraw.cpp" />
		<Unit filename="Universal_System/Extensions/ParticleSystems/PS_particle_updatedraw.h" />
		<Unit filename="Universal_System/Extensions/ParticleSystems/include.h" />
		<Unit filename="Universal_System/Extensions/Paths/actions.h" />
		<Unit filename="Universal_System/Extensions/Paths/implement.h" />
		<Unit filename="Universal_System/Extensions/Paths/include.h" />
		<Unit filename="Universal_System/Extensions/Paths/path_functions.cpp" />
		<Unit filename="Universal_System/Extensions/Paths/path_functions.h" />
		<Unit filename="Universal_System/Extensions/Paths/pathinit.cpp" />
		<Unit filename="Universal_System/Extensions/Paths/pathstruct.cpp" />
		<Unit filename="Universal_System/Extensions/Paths/pathstruct.h" />
		<Unit filename="Universal_System/Extensions/StudioPhysics/SB2Dfunctions.h" />
		<Unit filename="Universal_System/Extensions/StudioPhysics/SB2Dinstances.h" />
		<Unit filename="Universal_System/Extensions/StudioPhysics/SB2Djoints.h" />
		<Unit filename="Universal_System/Extensions/StudioPhysics/include.h" />
		<Unit filename="Universal_System/Extensions/Timelines/implement.h" />
		<Unit filename="Universal_System/Extensions/Timelines/include.h" />
		<Unit filename="Universal_System/Extensions/Timelines/timelines.cpp" />
		<Unit filename="Universal_System/GAME_GLOBALS.h" />
		<Unit filename="Universal_System/IMGloading.h" />
		<Unit filename="Universal_System/Makefile" />
		<Unit filename="Universal_System/actions.h" />
		<Unit filename="Universal_System/backgroundinit.cpp" />
		<Unit filename="Universal_System/backgroundstruct.cpp" />
		<Unit filename="Universal_System/background_internal.h" />
		<Unit filename="Universal_System/bufferstruct.cpp" />
		<Unit filename="Universal_System/bufferstruct.h" />
		<Unit filename="Universal_System/Instances/callbacks_events.cpp" />
		<Unit filename="Universal_System/Instances/callbacks_events.h" />
		<Unit filename="Universal_System/Object_Tiers/collisions_object.cpp" />
		<Unit filename="Universal_System/Object_Tiers/collisions_object.h" />
		<Unit filename="Universal_System/darray.cpp" />
		<Unit filename="Universal_System/darray.h" />
		<Unit filename="Universal_System/debugscope.cpp" />
		<Unit filename="Universal_System/debugscope.h" />
		<Unit filename="Universal_System/depth_draw.cpp" />
		<Unit filename="Universal_System/depth_draw.h" />
		<Unit filename="Universal_System/dynamic_args.cpp" />
		<Unit filename="Universal_System/dynamic_args.h" />
		<Unit filename="Universal_System/estring.cpp" />
		<Unit filename="Universal_System/estring.h" />
		<Unit filename="Universal_System/fileio.cpp" />
		<Unit filename="Universal_System/fileio.h" />
		<Unit filename="Universal_System/fontinit.cpp" />
		<Unit filename="Universal_System/fontstruct.cpp" />
		<Unit filename="Universal_System/fontstruct.h" />
		<Unit filename="Universal_System/globalupdate.cpp" />
		<Unit filename="Universal_System/globalupdate.h" />
		<Unit filename="Universal_System/Object_Tiers/graphics_object.cpp" />
		<Unit filename="Universal_System/Object_Tiers/graphics_object.h" />
		<Unit filename="Universal_System/highscore_functions.cpp" />
		<Unit filename="Universal_System/highscore_functions.h" />
		<Unit filename="Universal_System/image_formats.cpp" />
		<Unit filename="Universal_System/image_formats.h" />
		<Unit filename="Universal_System/Instances/instance.cpp" />
		<Unit filename="Universal_System/Instances/instance.h" />
		<Unit filename="Universal_System/instance/GLOBAL_GAME_SETTINGS.h" />
		<Unit filename="Universal_System/instance/IDE_edit_instancode.h" />
		<Unit filename="Universal_System/instance/INSTANCE_COMMON_VARIABLES.h" />
		<Unit filename="Universal_System/instance/INSTANCE_PARENT.h" />
		<Unit filename="Universal_System/instance/cleanup.h" />
		<Unit filename="Universal_System/instance/events.h" />
		<Unit filename="Universal_System/instance/instances.h" />
		<Unit filename="Universal_System/Instances/instance_create.h" />
		<Unit filename="Universal_System/Instances/instance_iterator.h" />
		<Unit filename="Universal_System/Instances/instance_planar.cpp" />
		<Unit filename="Universal_System/Instances/instance_system.cpp" />
		<Unit filename="Universal_System/Instances/instance_system.h" />
		<Unit filename="Universal_System/Instances/instance_system_base.h" />
		<Unit filename="Universal_System/Instances/instance_system_frontend.h" />
		<Unit filename="Universal_System/key_game_globals.h" />
		<Unit filename="Universal_System/lives.cpp" />
		<Unit filename="Universal_System/lives.h" />
		<Unit filename="Universal_System/loading.cpp" />
		<Unit filename="Universal_System/loading.h" />
		<Unit filename="Universal_System/lodepng.cpp" />
		<Unit filename="Universal_System/lodepng.h" />
		<Unit filename="Universal_System/lua_table.h" />
		<Unit filename="Universal_System/mathnc.cpp" />
		<Unit filename="Universal_System/mathnc.h" />
		<Unit filename="Universal_System/move_functions.cpp" />
		<Unit filename="Universal_System/move_functions.h" />
		<Unit filename="Universal_System/multifunction_variant.cpp" />
		<Unit filename="Universal_System/multifunction_variant.h" />
		<Unit filename="Universal_System/nlpo2.h" />
		<Unit filename="Universal_System/Object_Tiers/object.cpp" />
		<Unit filename="Universal_System/Object_Tiers/object.h" />
		<Unit filename="Universal_System/path_functions.h" />
		<Unit filename="Universal_System/pathstruct.h" />
		<Unit filename="Universal_System/Object_Tiers/planar_object.cpp" />
		<Unit filename="Universal_System/Object_Tiers/planar_object.h" />
		<Unit filename="Universal_System/rectpack.cpp" />
		<Unit filename="Universal_System/rectpack.h" />
		<Unit filename="Universal_System/reflexive_types.cpp" />
		<Unit filename="Universal_System/reflexive_types.h" />
		<Unit filename="Universal_System/resinit.h" />
		<Unit filename="Universal_System/resource_data.cpp" />
		<Unit filename="Universal_System/resource_data.h" />
		<Unit filename="Universal_System/roomsystem.cpp" />
		<Unit filename="Universal_System/roomsystem.h" />
		<Unit filename="Universal_System/scalar.h" />
		<Unit filename="Universal_System/shaderstruct.cpp" />
		<Unit filename="Universal_System/shaderstruct.h" />
		<Unit filename="Universal_System/simplecollisions.h" />
		<Unit filename="Universal_System/soundinit.cpp" />
		<Unit filename="Universal_System/spriteinit.cpp" />
		<Unit filename="Universal_System/spritestruct.cpp" />
		<Unit filename="Universal_System/spritestruct.h" />
		<Unit filename="Universal_System/switch_stuff.h" />
		<Unit filename="Universal_System/syntax_quirks.h" />
		<Unit filename="Universal_System/terminal_io.cpp" />
		<Unit filename="Universal_System/terminal_io.h" />
		<Unit filename="Universal_System/Object_Tiers/timelines_object.cpp" />
		<Unit filename="Universal_System/Object_Tiers/timelines_object.h" />
		<Unit filename="Universal_System/Object_Tiers/transform_object.cpp" />
		<Unit filename="Universal_System/Object_Tiers/transform_object.h" />
		<Unit filename="Universal_System/var4.cpp" />
		<Unit filename="Universal_System/var4.h" />
		<Unit filename="Universal_System/var4_lua.cpp" />
		<Unit filename="Universal_System/var_te.h" />
		<Unit filename="Universal_System/Instances/with.h" />
		<Unit filename="Universal_System/zlib.cpp" />
		<Unit filename="Universal_System/zlib.h" />
		<Unit filename="Widget_Systems/None/Info/widget_info.h">
			<Option target="lin-debug" />
			<Option target="lin-profile" />
			<Option target="lin-build" />
		</Unit>
		<Unit filename="Widget_Systems/None/include.h">
			<Option target="lin-debug" />
			<Option target="lin-profile" />
			<Option target="lin-build" />
		</Unit>
		<Unit filename="Widget_Systems/None/nowidget_impl.cpp">
			<Option target="lin-debug" />
			<Option target="lin-profile" />
			<Option target="lin-build" />
		</Unit>
		<Unit filename="Widget_Systems/Win32/dialogs.cpp">
			<Option target="win-debug" />
			<Option target="win-build" />
		</Unit>
		<Unit filename="Widget_Systems/Win32/gtklike.h">
			<Option target="win-debug" />
			<Option target="win-build" />
		</Unit>
		<Unit filename="Widget_Systems/Win32/include.h">
			<Option target="win-debug" />
			<Option target="win-build" />
		</Unit>
		<Unit filename="Widget_Systems/Win32/res.rc">
			<Option compilerVar="WINDRES" />
			<Option target="win-debug" />
			<Option target="win-build" />
		</Unit>
		<Unit filename="Widget_Systems/Win32/widgets.cpp">
			<Option target="win-debug" />
			<Option target="win-build" />
		</Unit>
		<Unit filename="Widget_Systems/Win32/widgets.h">
			<Option target="win-debug" />
			<Option target="win-build" />
		</Unit>
		<Unit filename="Widget_Systems/widgets_mandatory.h" />
		<Unit filename="floatcomp.h" />
		<Unit filename="libEGMstd.cpp" />
		<Unit filename="libEGMstd.h" />
		<Extensions>
			<debugger />
			<code_completion />
			<envvars />
			<DoxyBlocks>
				<comment_style block="0" line="0" />
				<doxyfile_project />
				<doxyfile_build />
				<doxyfile_warnings />
				<doxyfile_output />
				<doxyfile_dot />
				<general />
			</DoxyBlocks>
		</Extensions>
	</Project>
</CodeBlocks_project_file>
