// !$*UTF8*$!
{
	archiveVersion = 1;
	classes = {
	};
	objectVersion = 46;
	objects = {

/* Begin PBXGroup section */
		9CB52A5015E6F68B008B6DC9 = {
			isa = PBXGroup;
			children = (
			);
			sourceTree = "<group>";
		};
/* End PBXGroup section */

/* Begin PBXProject section */
		9CB52A5215E6F68B008B6DC9 /* Project object */ = {
			isa = PBXProject;
			buildConfigurationList = 9CB52A5515E6F68B008B6DC9 /* Build configuration list for PBXProject "EnigmaCompiler" */;
			compatibilityVersion = "Xcode 3.2";
			developmentRegion = English;
			hasScannedForEncodings = 0;
			knownRegions = (
				en,
			);
			mainGroup = 9CB52A5015E6F68B008B6DC9;
			projectDirPath = "";
			projectRoot = "";
			targets = (
			);
		};
/* End PBXProject section */

/* Begin XCBuildConfiguration section */
		9CB52A5715E6F68B008B6DC9 /* Debug */ = {
			isa = XCBuildConfiguration;
			buildSettings = {
			};
			name = Debug;
		};
		9CB52A5815E6F68B008B6DC9 /* Release */ = {
			isa = XCBuildConfiguration;
			buildSettings = {
			};
			name = Release;
		};
/* End XCBuildConfiguration section */

/* Begin XCConfigurationList section */
		9CB52A5515E6F68B008B6DC9 /* Build configuration list for PBXProject "EnigmaCompiler" */ = {
			isa = XCConfigurationList;
			buildConfigurations = (
				9CB52A5715E6F68B008B6DC9 /* Debug */,
				9CB52A5815E6F68B008B6DC9 /* Release */,
			);
			defaultConfigurationIsVisible = 0;
			defaultConfigurationName = Release;
		};
/* End XCConfigurationList section */
	};
	rootObject = 9CB52A5215E6F68B008B6DC9 /* Project object */;
}
